Microsoft Visual Studio Solution File, Format Version 12.00
# Visual Studio Version 17
VisualStudioVersion = 17.5.2.0
MinimumVisualStudioVersion = 10.0.40219.1
Project("{FAE04EC0-301F-11D3-BF4B-00C04F79EFBC}") = "MatrizDispersa", "MatrizDispersa.csproj", "{2C3CA71C-F1BF-6887-54CB-44ED3725A650}"
EndProject
Global
	GlobalSection(SolutionConfigurationPlatforms) = preSolution
		Debug|Any CPU = Debug|Any CPU
		Release|Any CPU = Release|Any CPU
	EndGlobalSection
	GlobalSection(ProjectConfigurationPlatforms) = postSolution
		{2C3CA71C-F1BF-6887-54CB-44ED3725A650}.Debug|Any CPU.ActiveCfg = Debug|Any CPU
		{2C3CA71C-F1BF-6887-54CB-44ED3725A650}.Debug|Any CPU.Build.0 = Debug|Any CPU
		{2C3CA71C-F1BF-6887-54CB-44ED3725A650}.Release|Any CPU.ActiveCfg = Release|Any CPU
		{2C3CA71C-F1BF-6887-54CB-44ED3725A650}.Release|Any CPU.Build.0 = Release|Any CPU
	EndGlobalSection
	GlobalSection(SolutionProperties) = preSolution
		HideSolutionNode = FALSE
	EndGlobalSection
	GlobalSection(ExtensibilityGlobals) = postSolution
		SolutionGuid = {1ABFE1B2-DF55-4731-921A-B8F7C81A6F79}
	EndGlobalSection
EndGlobal
